
Microsoft Visual Studio Solution File, Format Version 12.00
# Visual Studio 15
VisualStudioVersion = 15.0.26730.16
MinimumVisualStudioVersion = 10.0.40219.1
Project("{FAE04EC0-301F-11D3-BF4B-00C04F79EFBC}") = "BasicWCFService", "BasicWCFService\BasicWCFService.csproj", "{4508546E-43CD-4752-A35A-5B4ABE411205}"
EndProject
Global
	GlobalSection(SolutionConfigurationPlatforms) = preSolution
		Debug|Any CPU = Debug|Any CPU
		Release|Any CPU = Release|Any CPU
	EndGlobalSection
	GlobalSection(ProjectConfigurationPlatforms) = postSolution
		{4508546E-43CD-4752-A35A-5B4ABE411205}.Debug|Any CPU.ActiveCfg = Debug|Any CPU
		{4508546E-43CD-4752-A35A-5B4ABE411205}.Debug|Any CPU.Build.0 = Debug|Any CPU
		{4508546E-43CD-4752-A35A-5B4ABE411205}.Release|Any CPU.ActiveCfg = Release|Any CPU
		{4508546E-43CD-4752-A35A-5B4ABE411205}.Release|Any CPU.Build.0 = Release|Any CPU
	EndGlobalSection
	GlobalSection(SolutionProperties) = preSolution
		HideSolutionNode = FALSE
	EndGlobalSection
	GlobalSection(ExtensibilityGlobals) = postSolution
		SolutionGuid = {B031CB32-4468-4F5F-8BD1-CC6D3C08E304}
	EndGlobalSection
EndGlobal
